
Microsoft Visual Studio Solution File, Format Version 12.00
# Visual Studio Version 16
VisualStudioVersion = 16.0.28516.95
MinimumVisualStudioVersion = 10.0.40219.1
Project("{FAE04EC0-301F-11D3-BF4B-00C04F79EFBC}") = "AdoNetConnection", "AdoNetConnection\AdoNetConnection.csproj", "{2BF6C587-6B97-4479-9EE2-4AE7930B33FC}"
EndProject
Global
	GlobalSection(SolutionConfigurationPlatforms) = preSolution
		Debug|Any CPU = Debug|Any CPU
		Release|Any CPU = Release|Any CPU
	EndGlobalSection
	GlobalSection(ProjectConfigurationPlatforms) = postSolution
		{2BF6C587-6B97-4479-9EE2-4AE7930B33FC}.Debug|Any CPU.ActiveCfg = Debug|Any CPU
		{2BF6C587-6B97-4479-9EE2-4AE7930B33FC}.Debug|Any CPU.Build.0 = Debug|Any CPU
		{2BF6C587-6B97-4479-9EE2-4AE7930B33FC}.Release|Any CPU.ActiveCfg = Release|Any CPU
		{2BF6C587-6B97-4479-9EE2-4AE7930B33FC}.Release|Any CPU.Build.0 = Release|Any CPU
	EndGlobalSection
	GlobalSection(SolutionProperties) = preSolution
		HideSolutionNode = FALSE
	EndGlobalSection
	GlobalSection(ExtensibilityGlobals) = postSolution
		SolutionGuid = {05DCD5D6-C991-475E-88AB-71691035FE3F}
	EndGlobalSection
EndGlobal
